
Microsoft Visual Studio Solution File, Format Version 11.00
# Visual Studio 2010
Project("{FAE04EC0-301F-11D3-BF4B-00C04F79EFBC}") = "2D_3D_Test", "Assembly-CSharp.csproj", "{A135D8C0-FE88-3C43-FF3B-C212138763D9}"
EndProject
Project("{FAE04EC0-301F-11D3-BF4B-00C04F79EFBC}") = "2D_3D_Test", "Assembly-CSharp-Editor.csproj", "{EECA84D1-0F76-4E16-E942-CC7AA449D683}"
EndProject
Global
	GlobalSection(SolutionConfigurationPlatforms) = preSolution
		Debug|Any CPU = Debug|Any CPU
		Release|Any CPU = Release|Any CPU
	EndGlobalSection
	GlobalSection(ProjectConfigurationPlatforms) = postSolution
		{A135D8C0-FE88-3C43-FF3B-C212138763D9}.Debug|Any CPU.ActiveCfg = Debug|Any CPU
		{A135D8C0-FE88-3C43-FF3B-C212138763D9}.Debug|Any CPU.Build.0 = Debug|Any CPU
		{A135D8C0-FE88-3C43-FF3B-C212138763D9}.Release|Any CPU.ActiveCfg = Release|Any CPU
		{A135D8C0-FE88-3C43-FF3B-C212138763D9}.Release|Any CPU.Build.0 = Release|Any CPU
		{EECA84D1-0F76-4E16-E942-CC7AA449D683}.Debug|Any CPU.ActiveCfg = Debug|Any CPU
		{EECA84D1-0F76-4E16-E942-CC7AA449D683}.Debug|Any CPU.Build.0 = Debug|Any CPU
		{EECA84D1-0F76-4E16-E942-CC7AA449D683}.Release|Any CPU.ActiveCfg = Release|Any CPU
		{EECA84D1-0F76-4E16-E942-CC7AA449D683}.Release|Any CPU.Build.0 = Release|Any CPU
	EndGlobalSection
	GlobalSection(SolutionProperties) = preSolution
		HideSolutionNode = FALSE
	EndGlobalSection
	GlobalSection(MonoDevelopProperties) = preSolution
		StartupItem = Assembly-CSharp.csproj
	EndGlobalSection
EndGlobal
